
Microsoft Visual Studio Solution File, Format Version 12.00
# Visual Studio Version 16
VisualStudioVersion = 16.0.31515.178
MinimumVisualStudioVersion = 10.0.40219.1
Project("{9A19103F-16F7-4668-BE54-9A1E7A4F7556}") = "eShopWebApi", "src\eShopWebApi\eShopWebApi.csproj", "{42C15807-D389-4677-86B8-92B2C64D370B}"
EndProject
Project("{2150E333-8FDC-42A3-9474-1A3956D46DE8}") = "SolutionItems", "SolutionItems", "{638792C6-4A78-47A7-B5F4-5AE457357593}"
	ProjectSection(SolutionItems) = preProject
		.dockerignore = .dockerignore
		.gitignore = .gitignore
		docker-compose.yml = docker-compose.yml
		Dockerfile = Dockerfile
		README.md = README.md
	EndProjectSection
EndProject
Project("{9A19103F-16F7-4668-BE54-9A1E7A4F7556}") = "eShopWebApi.Core", "src\eShopWebApi.Core\eShopWebApi.Core.csproj", "{04F72083-E04B-49AA-90BA-265B17EDD346}"
EndProject
Project("{9A19103F-16F7-4668-BE54-9A1E7A4F7556}") = "eShopWebApi.Infrastructure", "src\eShopWebApi.Infrastructure\eShopWebApi.Infrastructure.csproj", "{7EF2CDA7-9CB6-44B2-8EEE-E76397628DDF}"
EndProject
Project("{2150E333-8FDC-42A3-9474-1A3956D46DE8}") = "Tests", "Tests", "{B2756CE4-6906-4704-A0DF-EF2F624BCF88}"
EndProject
Project("{9A19103F-16F7-4668-BE54-9A1E7A4F7556}") = "eShopWebApi.InfrastructureTests", "tests\eShopWebApi.InfrastructureTests\eShopWebApi.InfrastructureTests.csproj", "{68B474B7-7686-4791-91FE-BA48EA35ED01}"
EndProject
Project("{9A19103F-16F7-4668-BE54-9A1E7A4F7556}") = "eShopWebApi.SharedTests", "tests\eShopWebApi.SharedTests\eShopWebApi.SharedTests.csproj", "{BB769236-A8E8-40D7-8B12-AF857BBD1894}"
EndProject
Project("{FAE04EC0-301F-11D3-BF4B-00C04F79EFBC}") = "eShopWebApiTests", "tests\eShopWebApiTests\eShopWebApiTests.csproj", "{6EB6F4C8-D3BC-4288-8FDC-9EB67667CF31}"
EndProject
Project("{FAE04EC0-301F-11D3-BF4B-00C04F79EFBC}") = "eShopWebApi.CoreTests", "tests\eShopWebApi.CoreTests\eShopWebApi.CoreTests.csproj", "{13C631C8-BD27-4E18-A67C-9225AAEFCCD8}"
EndProject
Global
	GlobalSection(SolutionConfigurationPlatforms) = preSolution
		Debug|Any CPU = Debug|Any CPU
		Release|Any CPU = Release|Any CPU
	EndGlobalSection
	GlobalSection(ProjectConfigurationPlatforms) = postSolution
		{42C15807-D389-4677-86B8-92B2C64D370B}.Debug|Any CPU.ActiveCfg = Debug|Any CPU
		{42C15807-D389-4677-86B8-92B2C64D370B}.Debug|Any CPU.Build.0 = Debug|Any CPU
		{42C15807-D389-4677-86B8-92B2C64D370B}.Release|Any CPU.ActiveCfg = Release|Any CPU
		{42C15807-D389-4677-86B8-92B2C64D370B}.Release|Any CPU.Build.0 = Release|Any CPU
		{04F72083-E04B-49AA-90BA-265B17EDD346}.Debug|Any CPU.ActiveCfg = Debug|Any CPU
		{04F72083-E04B-49AA-90BA-265B17EDD346}.Debug|Any CPU.Build.0 = Debug|Any CPU
		{04F72083-E04B-49AA-90BA-265B17EDD346}.Release|Any CPU.ActiveCfg = Release|Any CPU
		{04F72083-E04B-49AA-90BA-265B17EDD346}.Release|Any CPU.Build.0 = Release|Any CPU
		{7EF2CDA7-9CB6-44B2-8EEE-E76397628DDF}.Debug|Any CPU.ActiveCfg = Debug|Any CPU
		{7EF2CDA7-9CB6-44B2-8EEE-E76397628DDF}.Debug|Any CPU.Build.0 = Debug|Any CPU
		{7EF2CDA7-9CB6-44B2-8EEE-E76397628DDF}.Release|Any CPU.ActiveCfg = Release|Any CPU
		{7EF2CDA7-9CB6-44B2-8EEE-E76397628DDF}.Release|Any CPU.Build.0 = Release|Any CPU
		{68B474B7-7686-4791-91FE-BA48EA35ED01}.Debug|Any CPU.ActiveCfg = Debug|Any CPU
		{68B474B7-7686-4791-91FE-BA48EA35ED01}.Debug|Any CPU.Build.0 = Debug|Any CPU
		{68B474B7-7686-4791-91FE-BA48EA35ED01}.Release|Any CPU.ActiveCfg = Release|Any CPU
		{68B474B7-7686-4791-91FE-BA48EA35ED01}.Release|Any CPU.Build.0 = Release|Any CPU
		{BB769236-A8E8-40D7-8B12-AF857BBD1894}.Debug|Any CPU.ActiveCfg = Debug|Any CPU
		{BB769236-A8E8-40D7-8B12-AF857BBD1894}.Debug|Any CPU.Build.0 = Debug|Any CPU
		{BB769236-A8E8-40D7-8B12-AF857BBD1894}.Release|Any CPU.ActiveCfg = Release|Any CPU
		{BB769236-A8E8-40D7-8B12-AF857BBD1894}.Release|Any CPU.Build.0 = Release|Any CPU
		{6EB6F4C8-D3BC-4288-8FDC-9EB67667CF31}.Debug|Any CPU.ActiveCfg = Debug|Any CPU
		{6EB6F4C8-D3BC-4288-8FDC-9EB67667CF31}.Debug|Any CPU.Build.0 = Debug|Any CPU
		{6EB6F4C8-D3BC-4288-8FDC-9EB67667CF31}.Release|Any CPU.ActiveCfg = Release|Any CPU
		{6EB6F4C8-D3BC-4288-8FDC-9EB67667CF31}.Release|Any CPU.Build.0 = Release|Any CPU
		{13C631C8-BD27-4E18-A67C-9225AAEFCCD8}.Debug|Any CPU.ActiveCfg = Debug|Any CPU
		{13C631C8-BD27-4E18-A67C-9225AAEFCCD8}.Debug|Any CPU.Build.0 = Debug|Any CPU
		{13C631C8-BD27-4E18-A67C-9225AAEFCCD8}.Release|Any CPU.ActiveCfg = Release|Any CPU
		{13C631C8-BD27-4E18-A67C-9225AAEFCCD8}.Release|Any CPU.Build.0 = Release|Any CPU
	EndGlobalSection
	GlobalSection(SolutionProperties) = preSolution
		HideSolutionNode = FALSE
	EndGlobalSection
	GlobalSection(NestedProjects) = preSolution
		{68B474B7-7686-4791-91FE-BA48EA35ED01} = {B2756CE4-6906-4704-A0DF-EF2F624BCF88}
		{BB769236-A8E8-40D7-8B12-AF857BBD1894} = {B2756CE4-6906-4704-A0DF-EF2F624BCF88}
		{6EB6F4C8-D3BC-4288-8FDC-9EB67667CF31} = {B2756CE4-6906-4704-A0DF-EF2F624BCF88}
		{13C631C8-BD27-4E18-A67C-9225AAEFCCD8} = {B2756CE4-6906-4704-A0DF-EF2F624BCF88}
	EndGlobalSection
	GlobalSection(ExtensibilityGlobals) = postSolution
		SolutionGuid = {4657D4B5-6496-4D37-AAE6-813AA8A400D7}
	EndGlobalSection
EndGlobal
