
Microsoft Visual Studio Solution File, Format Version 12.00
# Visual Studio Version 16
VisualStudioVersion = 16.0.31515.178
MinimumVisualStudioVersion = 10.0.40219.1
Project("{9A19103F-16F7-4668-BE54-9A1E7A4F7556}") = "eShopWebApi", "src\eShopWebApi\eShopWebApi.csproj", "{42C15807-D389-4677-86B8-92B2C64D370B}"
EndProject
Project("{2150E333-8FDC-42A3-9474-1A3956D46DE8}") = "SolutionItems", "SolutionItems", "{638792C6-4A78-47A7-B5F4-5AE457357593}"
	ProjectSection(SolutionItems) = preProject
		.dockerignore = .dockerignore
		.gitignore = .gitignore
		docker-compose.yml = docker-compose.yml
		Dockerfile = Dockerfile
		README.md = README.md
	EndProjectSection
EndProject
Project("{FAE04EC0-301F-11D3-BF4B-00C04F79EFBC}") = "eShopWebApi.Core", "src\eShopWebApi.Core\eShopWebApi.Core.csproj", "{04F72083-E04B-49AA-90BA-265B17EDD346}"
EndProject
Project("{FAE04EC0-301F-11D3-BF4B-00C04F79EFBC}") = "eShopWebApi.Infrastructure", "src\eShopWebApi.Infrastructure\eShopWebApi.Infrastructure.csproj", "{7EF2CDA7-9CB6-44B2-8EEE-E76397628DDF}"
EndProject
Global
	GlobalSection(SolutionConfigurationPlatforms) = preSolution
		Debug|Any CPU = Debug|Any CPU
		Release|Any CPU = Release|Any CPU
	EndGlobalSection
	GlobalSection(ProjectConfigurationPlatforms) = postSolution
		{42C15807-D389-4677-86B8-92B2C64D370B}.Debug|Any CPU.ActiveCfg = Debug|Any CPU
		{42C15807-D389-4677-86B8-92B2C64D370B}.Debug|Any CPU.Build.0 = Debug|Any CPU
		{42C15807-D389-4677-86B8-92B2C64D370B}.Release|Any CPU.ActiveCfg = Release|Any CPU
		{42C15807-D389-4677-86B8-92B2C64D370B}.Release|Any CPU.Build.0 = Release|Any CPU
		{04F72083-E04B-49AA-90BA-265B17EDD346}.Debug|Any CPU.ActiveCfg = Debug|Any CPU
		{04F72083-E04B-49AA-90BA-265B17EDD346}.Debug|Any CPU.Build.0 = Debug|Any CPU
		{04F72083-E04B-49AA-90BA-265B17EDD346}.Release|Any CPU.ActiveCfg = Release|Any CPU
		{04F72083-E04B-49AA-90BA-265B17EDD346}.Release|Any CPU.Build.0 = Release|Any CPU
		{7EF2CDA7-9CB6-44B2-8EEE-E76397628DDF}.Debug|Any CPU.ActiveCfg = Debug|Any CPU
		{7EF2CDA7-9CB6-44B2-8EEE-E76397628DDF}.Debug|Any CPU.Build.0 = Debug|Any CPU
		{7EF2CDA7-9CB6-44B2-8EEE-E76397628DDF}.Release|Any CPU.ActiveCfg = Release|Any CPU
		{7EF2CDA7-9CB6-44B2-8EEE-E76397628DDF}.Release|Any CPU.Build.0 = Release|Any CPU
	EndGlobalSection
	GlobalSection(SolutionProperties) = preSolution
		HideSolutionNode = FALSE
	EndGlobalSection
	GlobalSection(ExtensibilityGlobals) = postSolution
		SolutionGuid = {4657D4B5-6496-4D37-AAE6-813AA8A400D7}
	EndGlobalSection
EndGlobal
